// !$*UTF8*$!
{
	archiveVersion = 1;
	classes = {
		};
	objects = {
		0000004D0000554da3c78efc = {
			isa = PBXGroup;
			sourceTree = "<group>";
			children = (
				0000001A0000554da3c78efc,
				000000020000554da3c78efc,
				0000001C0000554da3c78efc,
				000000040000554da3c78efc,
				000000060000554da3c78efc,
				000000080000554da3c78efc,
				0000001E0000554da3c78efc,
				0000000A0000554da3c78efc,
				0000000C0000554da3c78efc,
				000000200000554da3c78efc,
				0000000E0000554da3c78efc,
				000000100000554da3c78efc,
				000000220000554da3c78efc,
				000000120000554da3c78efc,
				000000140000554da3c78efc,
				000000240000554da3c78efc,
				000000160000554da3c78efc,
				000000260000554da3c78efc,
				000000180000554da3c78efc,
				000000280000554da3c78efc,
				);
			name = "Source Files";
			};
		0000005B0000554da3c78efc = {
			isa = XCBuildConfiguration;
			buildSettings = {
				HEADER_SEARCH_PATHS = (
					"../../../../../../sdk/zlib/1.2.11/include",
					"../../../../../../sdk/amd/compressonator/3.0.3707/include",
					..,
					"../../../../../../sdk/libjpg/jpeg-9b",
					.,
					"../../../carbon/src",
					"../../../../../../sdk/nvidia/nvtt/923b57d/include",
					"../../../../../../sdk/libpng/1.6.29/include",
					"../../../../../../sdk/telemetry/3.0.1.1008/include",
					"../../../../../../shared_tools/python/27_mac/include/python2.7",
					);
				CLANG_WARN_INT_CONVERSION = YES;
				GCC_WARN_64_TO_32_BIT_CONVERSION = YES;
				CLANG_CXX_LANGUAGE_STANDARD = "gnu++0x";
				OTHER_LDFLAGS = "-headerpad_max_install_names";
				CLANG_WARN_ENUM_CONVERSION = YES;
				CLANG_WARN_EMPTY_BODY = YES;
				GCC_WARN_ABOUT_RETURN_TYPE = YES;
				PRODUCT_NAME = _imagetools;
				ARCHS = "$(ARCHS_STANDARD_64_BIT)";
				GCC_WARN_UNINITIALIZED_AUTOS = YES;
				CONFIGURATION_BUILD_DIR = "$(BUILD_DIR)/";
				MACOSX_DEPLOYMENT_TARGET = 10.10;
				GCC_OPTIMIZATION_LEVEL = s;
				ONLY_ACTIVE_ARCH = YES;
				GCC_SYMBOLS_PRIVATE_EXTERN = YES;
				CLANG_WARN__DUPLICATE_METHOD_MATCH = YES;
				CLANG_WARN_CONSTANT_CONVERSION = YES;
				GCC_C_LANGUAGE_STANDARD = gnu99;
				GCC_ENABLE_OBJC_EXCEPTIONS = YES;
				LIBRARY_SEARCH_PATHS = (
					"../../../../../../sdk/libjpg/jpeg-9b/lib/MacOsX$(ARCHS)",
					"../../autobuild/ImageIO/MacOsX$(ARCHS)/clang4.2/",
					"../../../../../../sdk/zlib/1.2.11/lib/MacOsX$(ARCHS)",
					"../../../../../../shared_tools/python/27_mac/lib",
					"../../../../../../sdk/telemetry/3.0.1.1008/lib",
					"../../../carbon/autobuild/BlueExposure/python_27/MacOsX$(ARCHS)/clang4.2",
					"../../../../../../sdk/libpng/1.6.29/lib/MacOsX$(ARCHS)/clang4.2",
					"../../../../../../sdk/nvidia/nvtt/923b57d/lib/MacOsX$(ARCHS)/clang4.2",
					"../../../carbon/autobuild/CcpCore/MacOsX$(ARCHS)/clang4.2/",
					);
				SYMROOT = "../../autobuild/ImageTools/python_27/MacOsX$(ARCHS)/clang4.2";
				OBJROOT = "../temp/ImageTools/python_27/MacOsX$(ARCHS)/$(CONFIGURATION)/clang4.2";
				GCC_TREAT_WARNINGS_AS_ERRORS = YES;
				LD_DYLIB_INSTALL_NAME = "@rpath/$(PRODUCT_NAME).so";
				GCC_PRECOMPILE_PREFIX_HEADER = YES;
				CONFIGURATION_TEMP_DIR = "../temp/ImageTools/python_27/MacOsX$(ARCHS)/$(CONFIGURATION)/clang4.2";
				GCC_PREPROCESSOR_DEFINITIONS = (
					"PyMODINIT_FUNC=\"__attribute((visibility(\\\"default\\\"))) extern \\\"C\\\" void\"",
					"BLUE_WITH_PYTHON=1",
					"$(inherited)",
					);
				COPY_PHASE_STRIP = NO;
				CLANG_CXX_LIBRARY = "libc++";
				GCC_PREFIX_HEADER = StdAfx.h;
				EXECUTABLE_EXTENSION = so;
				ALWAYS_SEARCH_USER_PATHS = NO;
				GCC_DYNAMIC_NO_PIC = NO;
				SDKROOT = macosx;
				WARNING_CFLAGS = "-Wno-nonportable-include-path -Wno-inconsistent-missing-override";
				};
			name = Release;
			};
		0000004B0000554da3c78efc = {
			isa = PBXBuildFile;
			fileRef = 0000004C0000554da3c78efc;
			};
		000000290000554da3c78efc = {
			isa = PBXBuildFile;
			fileRef = 0000002A0000554da3c78efc;
			};
		000000160000554da3c78efc = {
			name = MemoryStream.cpp;
			fileEncoding = 4;
			lastKnownFileType = sourcecode.cpp.cpp;
			path = MemoryStream.cpp;
			isa = PBXFileReference;
			sourceTree = "<group>";
			};
		000000040000554da3c78efc = {
			name = CompressionOptions_Blue.cpp;
			fileEncoding = 4;
			lastKnownFileType = sourcecode.cpp.cpp;
			path = CompressionOptions_Blue.cpp;
			isa = PBXFileReference;
			sourceTree = "<group>";
			};
		000000120000554da3c78efc = {
			name = ImageToolsBitmap_Blue.cpp;
			fileEncoding = 4;
			lastKnownFileType = sourcecode.cpp.cpp;
			path = ImageToolsBitmap_Blue.cpp;
			isa = PBXFileReference;
			sourceTree = "<group>";
			};
		000000110000554da3c78efc = {
			isa = PBXBuildFile;
			fileRef = 000000120000554da3c78efc;
			};
		000000530000554da3c78efc = {
			dependencies = (
				);
			productReference = 0000004F0000554da3c78efc;
			name = Release_27_Mac64;
			productType = "com.apple.product-type.library.dynamic";
			buildRules = (
				);
			isa = PBXNativeTarget;
			productName = ImageTools;
			buildConfigurationList = 000000540000554da3c78efc;
			buildPhases = (
				000000520000554da3c78efc,
				000000550000554da3c78efc,
				);
			};
		000000300000554da3c78efc = {
			name = libsquish.a;
			fileEncoding = 4;
			lastKnownFileType = archive.ar;
			path = "../../../../../../sdk/nvidia/nvtt/923b57d/lib/MacOsXx86_64/clang4.2/libsquish.a";
			isa = PBXFileReference;
			sourceTree = "<group>";
			};
		000000460000554da3c78efc = {
			name = libBlueExposure.a;
			fileEncoding = 4;
			lastKnownFileType = archive.ar;
			path = "../../autobuild/BlueExposure/exefile/MacOsXx86_64/clang4.2/libBlueExposure.a";
			isa = PBXFileReference;
			sourceTree = "<group>";
			};
		000000320000554da3c78efc = {
			name = libbc7.a;
			fileEncoding = 4;
			lastKnownFileType = archive.ar;
			path = "../../../../../../sdk/nvidia/nvtt/923b57d/lib/MacOsXx86_64/clang4.2/libbc7.a";
			isa = PBXFileReference;
			sourceTree = "<group>";
			};
		0000000B0000554da3c78efc = {
			isa = PBXBuildFile;
			fileRef = 0000000C0000554da3c78efc;
			};
		000000210000554da3c78efc = {
			isa = PBXBuildFile;
			fileRef = 000000220000554da3c78efc;
			};
		0000002F0000554da3c78efc = {
			isa = PBXBuildFile;
			fileRef = 000000300000554da3c78efc;
			};
		000000410000554da3c78efc = {
			isa = PBXBuildFile;
			fileRef = 000000420000554da3c78efc;
			};
		000000280000554da3c78efc = {
			name = StdAfx.h;
			fileEncoding = 4;
			lastKnownFileType = sourcecode.cpp.h;
			path = StdAfx.h;
			isa = PBXFileReference;
			sourceTree = "<group>";
			};
		0000004A0000554da3c78efc = {
			name = libBlueExposure.a;
			fileEncoding = 4;
			lastKnownFileType = archive.ar;
			path = "../../autobuild/BlueExposure/python_27/MacOsXx86_64/clang4.2/libBlueExposure.a";
			isa = PBXFileReference;
			sourceTree = "<group>";
			};
		000000360000554da3c78efc = {
			name = libImageIO.a;
			fileEncoding = 4;
			lastKnownFileType = archive.ar;
			path = "../../autobuild/ImageIO/MacOsXx86_64/clang4.2/libImageIO.a";
			isa = PBXFileReference;
			sourceTree = "<group>";
			};
		000000060000554da3c78efc = {
			name = EnumRegistry_Blue.cpp;
			fileEncoding = 4;
			lastKnownFileType = sourcecode.cpp.cpp;
			path = EnumRegistry_Blue.cpp;
			isa = PBXFileReference;
			sourceTree = "<group>";
			};
		000000170000554da3c78efc = {
			isa = PBXBuildFile;
			fileRef = 000000180000554da3c78efc;
			};
		000000240000554da3c78efc = {
			name = MemoryOutputHandler.h;
			fileEncoding = 4;
			lastKnownFileType = sourcecode.cpp.h;
			path = MemoryOutputHandler.h;
			isa = PBXFileReference;
			sourceTree = "<group>";
			};
		000000450000554da3c78efc = {
			isa = PBXBuildFile;
			fileRef = 000000460000554da3c78efc;
			};
		000000550000554da3c78efc = {
			files = (
				000000310000554da3c78efc,
				000000290000554da3c78efc,
				0000003D0000554da3c78efc,
				0000003F0000554da3c78efc,
				000000410000554da3c78efc,
				0000002D0000554da3c78efc,
				0000002F0000554da3c78efc,
				000000430000554da3c78efc,
				0000003B0000554da3c78efc,
				000000330000554da3c78efc,
				000000470000554da3c78efc,
				000000350000554da3c78efc,
				000000490000554da3c78efc,
				0000004B0000554da3c78efc,
				000000370000554da3c78efc,
				000000390000554da3c78efc,
				);
			buildActionMask = 2147483647;
			isa = PBXFrameworksBuildPhase;
			runOnlyForDeploymentPostprocessing = 0;
			};
		0000004C0000554da3c78efc = {
			name = libbc6h.a;
			fileEncoding = 4;
			lastKnownFileType = archive.ar;
			path = "../../../../../../sdk/nvidia/nvtt/923b57d/lib/MacOsXx86_64/clang4.2/libbc6h.a";
			isa = PBXFileReference;
			sourceTree = "<group>";
			};
		0000002C0000554da3c78efc = {
			name = libpython2.7.a;
			fileEncoding = 4;
			lastKnownFileType = archive.ar;
			path = "../../bin/stackless/MacOsXx86_64/libpython2.7.a";
			isa = PBXFileReference;
			sourceTree = "<group>";
			};
		0000000F0000554da3c78efc = {
			isa = PBXBuildFile;
			fileRef = 000000100000554da3c78efc;
			};
		000000470000554da3c78efc = {
			isa = PBXBuildFile;
			fileRef = 000000480000554da3c78efc;
			};
		0000000D0000554da3c78efc = {
			isa = PBXBuildFile;
			fileRef = 0000000E0000554da3c78efc;
			};
		0000000A0000554da3c78efc = {
			name = GenerateRoughness_Blue.cpp;
			fileEncoding = 4;
			lastKnownFileType = sourcecode.cpp.cpp;
			path = GenerateRoughness_Blue.cpp;
			isa = PBXFileReference;
			sourceTree = "<group>";
			};
		000000130000554da3c78efc = {
			isa = PBXBuildFile;
			fileRef = 000000140000554da3c78efc;
			};
		0000004E0000554da3c78efc = {
			isa = PBXGroup;
			sourceTree = "<group>";
			children = (
				000000480000554da3c78efc,
				000000380000554da3c78efc,
				0000002A0000554da3c78efc,
				000000340000554da3c78efc,
				000000420000554da3c78efc,
				000000400000554da3c78efc,
				000000300000554da3c78efc,
				000000460000554da3c78efc,
				0000004C0000554da3c78efc,
				0000003A0000554da3c78efc,
				0000002C0000554da3c78efc,
				000000320000554da3c78efc,
				0000004A0000554da3c78efc,
				0000002E0000554da3c78efc,
				0000003E0000554da3c78efc,
				0000003C0000554da3c78efc,
				000000360000554da3c78efc,
				000000440000554da3c78efc,
				);
			name = Dependencies;
			};
		0000003C0000554da3c78efc = {
			name = libnvcore.a;
			fileEncoding = 4;
			lastKnownFileType = archive.ar;
			path = "../../../../../../sdk/nvidia/nvtt/923b57d/lib/MacOsXx86_64/clang4.2/libnvcore.a";
			isa = PBXFileReference;
			sourceTree = "<group>";
			};
		000000080000554da3c78efc = {
			name = FileStream.cpp;
			fileEncoding = 4;
			lastKnownFileType = sourcecode.cpp.cpp;
			path = FileStream.cpp;
			isa = PBXFileReference;
			sourceTree = "<group>";
			};
		0000003B0000554da3c78efc = {
			isa = PBXBuildFile;
			fileRef = 0000003C0000554da3c78efc;
			};
		0000001C0000554da3c78efc = {
			name = CompressionOptions.h;
			fileEncoding = 4;
			lastKnownFileType = sourcecode.cpp.h;
			path = CompressionOptions.h;
			isa = PBXFileReference;
			sourceTree = "<group>";
			};
		000000370000554da3c78efc = {
			isa = PBXBuildFile;
			fileRef = 000000380000554da3c78efc;
			};
		000000430000554da3c78efc = {
			isa = PBXBuildFile;
			fileRef = 000000440000554da3c78efc;
			};
		000000590000554da3c78efc = {
			projectDirPath = "";
			targets = (
				000000530000554da3c78efc,
				000000560000554da3c78efc,
				);
			knownRegions = (
				en,
				);
			developmentRegion = English;
			projectRoot = "";
			hasScannedForEncodings = 0;
			compatibilityVersion = "Xcode 3.2";
			mainGroup = 000000510000554da3c78efc;
			attributes = {
				ORGANIZATIONNAME = CCP;
				LastUpgradeCheck = 0460;
				};
			isa = PBXProject;
			buildConfigurationList = 0000005A0000554da3c78efc;
			};
		000000220000554da3c78efc = {
			name = ImageToolsBitmap.h;
			fileEncoding = 4;
			lastKnownFileType = sourcecode.cpp.h;
			path = ImageToolsBitmap.h;
			isa = PBXFileReference;
			sourceTree = "<group>";
			};
		000000380000554da3c78efc = {
			name = CoreFoundation.framework;
			fileEncoding = 4;
			lastKnownFileType = wrapper.framework;
			path = "/System/Library/Frameworks/CoreFoundation.framework";
			isa = PBXFileReference;
			sourceTree = "<group>";
			};
		000000560000554da3c78efc = {
			dependencies = (
				);
			productReference = 000000500000554da3c78efc;
			name = Release_Mac64;
			productType = "com.apple.product-type.library.dynamic";
			buildRules = (
				);
			isa = PBXNativeTarget;
			productName = ImageTools;
			buildConfigurationList = 000000570000554da3c78efc;
			buildPhases = (
				000000520000554da3c78efc,
				000000580000554da3c78efc,
				);
			};
		0000003F0000554da3c78efc = {
			isa = PBXBuildFile;
			fileRef = 000000400000554da3c78efc;
			};
		0000001F0000554da3c78efc = {
			isa = PBXBuildFile;
			fileRef = 000000200000554da3c78efc;
			};
		000000540000554da3c78efc = {
			isa = XCConfigurationList;
			defaultConfigurationName = Release;
			buildConfigurations = (
				0000005B0000554da3c78efc,
				);
			defaultConfigurationIsVisible = 0;
			};
		0000002D0000554da3c78efc = {
			isa = PBXBuildFile;
			fileRef = 0000002E0000554da3c78efc;
			};
		000000260000554da3c78efc = {
			name = MemoryStream.h;
			fileEncoding = 4;
			lastKnownFileType = sourcecode.cpp.h;
			path = MemoryStream.h;
			isa = PBXFileReference;
			sourceTree = "<group>";
			};
		0000002A0000554da3c78efc = {
			name = libnvthread.a;
			fileEncoding = 4;
			lastKnownFileType = archive.ar;
			path = "../../../../../../sdk/nvidia/nvtt/923b57d/lib/MacOsXx86_64/clang4.2/libnvthread.a";
			isa = PBXFileReference;
			sourceTree = "<group>";
			};
		000000420000554da3c78efc = {
			name = libz.a;
			fileEncoding = 4;
			lastKnownFileType = archive.ar;
			path = "../../../../../../sdk/zlib/1.2.11/lib/MacOsXx86_64/libz.a";
			isa = PBXFileReference;
			sourceTree = "<group>";
			};
		0000005A0000554da3c78efc = {
			isa = XCConfigurationList;
			defaultConfigurationName = Release;
			buildConfigurations = (
				0000005D0000554da3c78efc,
				);
			defaultConfigurationIsVisible = 0;
			};
		000000500000554da3c78efc = {
			path = _imagetools.dll;
			isa = PBXFileReference;
			includeInIndex = 0;
			explicitFileType = "compiled.mach-o.dylib";
			sourceTree = BUILT_PRODUCTS_DIR;
			};
		000000050000554da3c78efc = {
			isa = PBXBuildFile;
			fileRef = 000000060000554da3c78efc;
			};
		000000200000554da3c78efc = {
			name = ImageIOResultBlue.h;
			fileEncoding = 4;
			lastKnownFileType = sourcecode.cpp.h;
			path = ImageIOResultBlue.h;
			isa = PBXFileReference;
			sourceTree = "<group>";
			};
		000000010000554da3c78efc = {
			isa = PBXBuildFile;
			fileRef = 000000020000554da3c78efc;
			};
		000000400000554da3c78efc = {
			name = libCcpCore.a;
			fileEncoding = 4;
			lastKnownFileType = archive.ar;
			path = "../../autobuild/CcpCore/MacOsXx86_64/clang4.2/libCcpCore.a";
			isa = PBXFileReference;
			sourceTree = "<group>";
			};
		0000002B0000554da3c78efc = {
			isa = PBXBuildFile;
			fileRef = 0000002C0000554da3c78efc;
			};
		000000580000554da3c78efc = {
			files = (
				0000002B0000554da3c78efc,
				000000290000554da3c78efc,
				000000310000554da3c78efc,
				0000003D0000554da3c78efc,
				0000003F0000554da3c78efc,
				000000410000554da3c78efc,
				0000002D0000554da3c78efc,
				0000002F0000554da3c78efc,
				000000430000554da3c78efc,
				0000003B0000554da3c78efc,
				000000450000554da3c78efc,
				000000470000554da3c78efc,
				000000350000554da3c78efc,
				0000004B0000554da3c78efc,
				000000370000554da3c78efc,
				000000390000554da3c78efc,
				);
			buildActionMask = 2147483647;
			isa = PBXFrameworksBuildPhase;
			runOnlyForDeploymentPostprocessing = 0;
			};
		000000390000554da3c78efc = {
			isa = PBXBuildFile;
			fileRef = 0000003A0000554da3c78efc;
			};
		0000005D0000554da3c78efc = {
			isa = XCBuildConfiguration;
			buildSettings = {
				};
			name = Release;
			};
		0000001D0000554da3c78efc = {
			isa = PBXBuildFile;
			fileRef = 0000001E0000554da3c78efc;
			};
		000000340000554da3c78efc = {
			name = libpython2.7.dylib;
			fileEncoding = 4;
			lastKnownFileType = "compiled.mach-o.dylib";
			path = "../../../../../../shared_tools/python/27_mac/lib/libpython2.7.dylib";
			isa = PBXFileReference;
			sourceTree = "<group>";
			};
		000000510000554da3c78efc = {
			isa = PBXGroup;
			children = (
				0000004D0000554da3c78efc,
				0000004E0000554da3c78efc,
				);
			sourceTree = "<group>";
			};
		0000000C0000554da3c78efc = {
			name = ImageIOResultBlue.cpp;
			fileEncoding = 4;
			lastKnownFileType = sourcecode.cpp.cpp;
			path = ImageIOResultBlue.cpp;
			isa = PBXFileReference;
			sourceTree = "<group>";
			};
		000000480000554da3c78efc = {
			name = libnvmath.a;
			fileEncoding = 4;
			lastKnownFileType = archive.ar;
			path = "../../../../../../sdk/nvidia/nvtt/923b57d/lib/MacOsXx86_64/clang4.2/libnvmath.a";
			isa = PBXFileReference;
			sourceTree = "<group>";
			};
		0000001E0000554da3c78efc = {
			name = FileStream.h;
			fileEncoding = 4;
			lastKnownFileType = sourcecode.cpp.h;
			path = FileStream.h;
			isa = PBXFileReference;
			sourceTree = "<group>";
			};
		0000001B0000554da3c78efc = {
			isa = PBXBuildFile;
			fileRef = 0000001C0000554da3c78efc;
			};
		0000004F0000554da3c78efc = {
			path = _imagetools.so;
			isa = PBXFileReference;
			includeInIndex = 0;
			explicitFileType = "compiled.mach-o.dylib";
			sourceTree = BUILT_PRODUCTS_DIR;
			};
		000000310000554da3c78efc = {
			isa = PBXBuildFile;
			fileRef = 000000320000554da3c78efc;
			};
		000000030000554da3c78efc = {
			isa = PBXBuildFile;
			fileRef = 000000040000554da3c78efc;
			};
		0000003A0000554da3c78efc = {
			name = libnvtt.a;
			fileEncoding = 4;
			lastKnownFileType = archive.ar;
			path = "../../../../../../sdk/nvidia/nvtt/923b57d/lib/MacOsXx86_64/clang4.2/libnvtt.a";
			isa = PBXFileReference;
			sourceTree = "<group>";
			};
		000000230000554da3c78efc = {
			isa = PBXBuildFile;
			fileRef = 000000240000554da3c78efc;
			};
		000000270000554da3c78efc = {
			isa = PBXBuildFile;
			fileRef = 000000280000554da3c78efc;
			};
		000000090000554da3c78efc = {
			isa = PBXBuildFile;
			fileRef = 0000000A0000554da3c78efc;
			};
		000000190000554da3c78efc = {
			isa = PBXBuildFile;
			fileRef = 0000001A0000554da3c78efc;
			};
		0000003E0000554da3c78efc = {
			name = libjpeg.a;
			fileEncoding = 4;
			lastKnownFileType = archive.ar;
			path = "../../../../../../sdk/libjpg/jpeg-9b/lib/MacOsXx86_64/libjpeg.a";
			isa = PBXFileReference;
			sourceTree = "<group>";
			};
		000000440000554da3c78efc = {
			name = libnvimage.a;
			fileEncoding = 4;
			lastKnownFileType = archive.ar;
			path = "../../../../../../sdk/nvidia/nvtt/923b57d/lib/MacOsXx86_64/clang4.2/libnvimage.a";
			isa = PBXFileReference;
			sourceTree = "<group>";
			};
		000000520000554da3c78efc = {
			files = (
				000000010000554da3c78efc,
				000000030000554da3c78efc,
				000000050000554da3c78efc,
				000000070000554da3c78efc,
				000000090000554da3c78efc,
				0000000B0000554da3c78efc,
				0000000D0000554da3c78efc,
				0000000F0000554da3c78efc,
				000000110000554da3c78efc,
				000000130000554da3c78efc,
				000000150000554da3c78efc,
				000000170000554da3c78efc,
				);
			buildActionMask = 2147483647;
			isa = PBXSourcesBuildPhase;
			runOnlyForDeploymentPostprocessing = 0;
			};
		000000100000554da3c78efc = {
			name = ImageToolsBitmap.cpp;
			fileEncoding = 4;
			lastKnownFileType = sourcecode.cpp.cpp;
			path = ImageToolsBitmap.cpp;
			isa = PBXFileReference;
			sourceTree = "<group>";
			};
		0000003D0000554da3c78efc = {
			isa = PBXBuildFile;
			fileRef = 0000003E0000554da3c78efc;
			};
		0000002E0000554da3c78efc = {
			name = libpng.a;
			fileEncoding = 4;
			lastKnownFileType = archive.ar;
			path = "../../../../../../sdk/libpng/1.6.29/lib/MacOsXx86_64/clang4.2/libpng.a";
			isa = PBXFileReference;
			sourceTree = "<group>";
			};
		000000150000554da3c78efc = {
			isa = PBXBuildFile;
			fileRef = 000000160000554da3c78efc;
			};
		000000350000554da3c78efc = {
			isa = PBXBuildFile;
			fileRef = 000000360000554da3c78efc;
			};
		000000180000554da3c78efc = {
			name = StdAfx.cpp;
			fileEncoding = 4;
			lastKnownFileType = sourcecode.cpp.cpp;
			path = StdAfx.cpp;
			isa = PBXFileReference;
			sourceTree = "<group>";
			};
		000000070000554da3c78efc = {
			isa = PBXBuildFile;
			fileRef = 000000080000554da3c78efc;
			};
		000000570000554da3c78efc = {
			isa = XCConfigurationList;
			defaultConfigurationName = Release;
			buildConfigurations = (
				0000005C0000554da3c78efc,
				);
			defaultConfigurationIsVisible = 0;
			};
		000000250000554da3c78efc = {
			isa = PBXBuildFile;
			fileRef = 000000260000554da3c78efc;
			};
		000000490000554da3c78efc = {
			isa = PBXBuildFile;
			fileRef = 0000004A0000554da3c78efc;
			};
		000000020000554da3c78efc = {
			name = CompressionOptions.cpp;
			fileEncoding = 4;
			lastKnownFileType = sourcecode.cpp.cpp;
			path = CompressionOptions.cpp;
			isa = PBXFileReference;
			sourceTree = "<group>";
			};
		000000330000554da3c78efc = {
			isa = PBXBuildFile;
			fileRef = 000000340000554da3c78efc;
			};
		0000000E0000554da3c78efc = {
			name = ImageTools.cpp;
			fileEncoding = 4;
			lastKnownFileType = sourcecode.cpp.cpp;
			path = ImageTools.cpp;
			isa = PBXFileReference;
			sourceTree = "<group>";
			};
		0000001A0000554da3c78efc = {
			name = AllowThreads.h;
			fileEncoding = 4;
			lastKnownFileType = sourcecode.cpp.h;
			path = AllowThreads.h;
			isa = PBXFileReference;
			sourceTree = "<group>";
			};
		000000140000554da3c78efc = {
			name = MemoryOutputHandler.cpp;
			fileEncoding = 4;
			lastKnownFileType = sourcecode.cpp.cpp;
			path = MemoryOutputHandler.cpp;
			isa = PBXFileReference;
			sourceTree = "<group>";
			};
		0000005C0000554da3c78efc = {
			isa = XCBuildConfiguration;
			buildSettings = {
				HEADER_SEARCH_PATHS = (
					"../../../../../../sdk/zlib/1.2.11/include",
					"../../../../../../sdk/amd/compressonator/3.0.3707/include",
					"../../../../../../sdk/libjpg/jpeg-9b",
					..,
					"../../../carbon/src/stackless/stackless",
					"../../../carbon/src/stackless/include",
					"../../../carbon/src",
					"../../../../../../sdk/nvidia/nvtt/923b57d/include",
					.,
					"../../../../../../sdk/libpng/1.6.29/include",
					"../../../carbon/src/stackless/Mac",
					"../../../../../../sdk/telemetry/3.0.1.1008/include",
					);
				CLANG_WARN_INT_CONVERSION = YES;
				GCC_WARN_64_TO_32_BIT_CONVERSION = YES;
				CLANG_CXX_LANGUAGE_STANDARD = "gnu++0x";
				OTHER_LDFLAGS = "-headerpad_max_install_names";
				CLANG_WARN_ENUM_CONVERSION = YES;
				CLANG_WARN_EMPTY_BODY = YES;
				GCC_WARN_ABOUT_RETURN_TYPE = YES;
				PRODUCT_NAME = _imagetools;
				ARCHS = "$(ARCHS_STANDARD_64_BIT)";
				GCC_WARN_UNINITIALIZED_AUTOS = YES;
				CONFIGURATION_BUILD_DIR = "$(BUILD_DIR)/";
				MACOSX_DEPLOYMENT_TARGET = 10.10;
				GCC_OPTIMIZATION_LEVEL = s;
				ONLY_ACTIVE_ARCH = YES;
				GCC_SYMBOLS_PRIVATE_EXTERN = YES;
				CLANG_WARN__DUPLICATE_METHOD_MATCH = YES;
				CLANG_WARN_CONSTANT_CONVERSION = YES;
				GCC_C_LANGUAGE_STANDARD = gnu99;
				GCC_ENABLE_OBJC_EXCEPTIONS = YES;
				LIBRARY_SEARCH_PATHS = (
					"../../../carbon/bin/stackless/MacOsX$(ARCHS)",
					"../../../../../../sdk/libjpg/jpeg-9b/lib/MacOsX$(ARCHS)",
					"../../autobuild/ImageIO/MacOsX$(ARCHS)/clang4.2/",
					"../../../../../../sdk/zlib/1.2.11/lib/MacOsX$(ARCHS)",
					"../../autobuild/BlueExposure/exefile/MacOsX$(ARCHS)/clang4.2",
					"../../../../../../sdk/telemetry/3.0.1.1008/lib",
					"../../../carbon/autobuild/CcpCore/MacOsX$(ARCHS)/clang4.2/",
					"../../../../../../sdk/nvidia/nvtt/923b57d/lib/MacOsX$(ARCHS)/clang4.2",
					"../../../../../../sdk/libpng/1.6.29/lib/MacOsX$(ARCHS)/clang4.2",
					"../../../carbon/autobuild/stackless/MacOsX$(ARCHS)",
					);
				SYMROOT = "../../autobuild/ImageTools/exefile/MacOsX$(ARCHS)/clang4.2";
				OBJROOT = "../temp/ImageTools/exefile/MacOsX$(ARCHS)/$(CONFIGURATION)/clang4.2";
				GCC_TREAT_WARNINGS_AS_ERRORS = YES;
				LD_DYLIB_INSTALL_NAME = "@rpath/$(PRODUCT_NAME).so";
				GCC_PRECOMPILE_PREFIX_HEADER = YES;
				CONFIGURATION_TEMP_DIR = "../temp/ImageTools/exefile/MacOsX$(ARCHS)/$(CONFIGURATION)/clang4.2";
				GCC_PREPROCESSOR_DEFINITIONS = (
					"PyMODINIT_FUNC=\"__attribute((visibility(\\\"default\\\"))) extern \\\"C\\\" void\"",
					"BLUE_WITH_PYTHON=1",
					"CCP_STACKLESS=1",
					"$(inherited)",
					);
				COPY_PHASE_STRIP = NO;
				CLANG_CXX_LIBRARY = "libc++";
				GCC_PREFIX_HEADER = StdAfx.h;
				EXECUTABLE_EXTENSION = so;
				ALWAYS_SEARCH_USER_PATHS = NO;
				GCC_DYNAMIC_NO_PIC = NO;
				SDKROOT = macosx;
				WARNING_CFLAGS = "-Wno-nonportable-include-path -Wno-inconsistent-missing-override";
				};
			name = Release;
			};
		};
	objectVersion = 46;
	rootObject = 000000590000554da3c78efc;
	}